PODS:
  - Alamofire (4.8.1)
  - OAuthSwift (1.3.0)

DEPENDENCIES:
  - Alamofire (~> 4.7)
  - OAuthSwift

SPEC REPOS:
  https://github.com/cocoapods/specs.git:
    - Alamofire
    - OAuthSwift

SPEC CHECKSUMS:
  Alamofire: 16ce2c353fb72865124ddae8a57c5942388f4f11
  OAuthSwift: 7ef2f74cb570e1e30e2aeddc58fccc0f3891d057

PODFILE CHECKSUM: ae32894f83e933f1270a3418b555f6f74f35631d

COCOAPODS: 1.6.1
